// !$*UTF8*$!
{
	archiveVersion = 1;
	classes = {
	};
	objectVersion = 77;
	objects = {

/* Begin PBXContainerItemProxy section */
		29EEA94F2DC056A900448CB8 /* PBXContainerItemProxy */ = {
			isa = PBXContainerItemProxy;
			containerPortal = 29EEA9392DC056A800448CB8 /* Project object */;
			proxyType = 1;
			remoteGlobalIDString = 29EEA9402DC056A800448CB8;
			remoteInfo = AVIDDA;
		};
		29EEA9592DC056A900448CB8 /* PBXContainerItemProxy */ = {
			isa = PBXContainerItemProxy;
			containerPortal = 29EEA9392DC056A800448CB8 /* Project object */;
			proxyType = 1;
			remoteGlobalIDString = 29EEA9402DC056A800448CB8;
			remoteInfo = AVIDDA;
		};
/* End PBXContainerItemProxy section */

/* Begin PBXFileReference section */
		29EEA9412DC056A800448CB8 /* AVIDDA.app */ = {isa = PBXFileReference; explicitFileType = wrapper.application; includeInIndex = 0; path = AVIDDA.app; sourceTree = BUILT_PRODUCTS_DIR; };
		29EEA94E2DC056A900448CB8 /* AVIDDATests.xctest */ = {isa = PBXFileReference; explicitFileType = wrapper.cfbundle; includeInIndex = 0; path = AVIDDATests.xctest; sourceTree = BUILT_PRODUCTS_DIR; };
		29EEA9582DC056A900448CB8 /* AVIDDAUITests.xctest */ = {isa = PBXFileReference; explicitFileType = wrapper.cfbundle; includeInIndex = 0; path = AVIDDAUITests.xctest; sourceTree = BUILT_PRODUCTS_DIR; };
/* End PBXFileReference section */

/* Begin PBXFileSystemSynchronizedBuildFileExceptionSet section */
		2987E1242DC304BF00B29CF3 /* Exceptions for "AVIDDA" folder in "AVIDDA" target */ = {
			isa = PBXFileSystemSynchronizedBuildFileExceptionSet;
			membershipExceptions = (
				Info.plist,
			);
			target = 29EEA9402DC056A800448CB8 /* AVIDDA */;
		};
/* End PBXFileSystemSynchronizedBuildFileExceptionSet section */

/* Begin PBXFileSystemSynchronizedRootGroup section */
		29EEA9432DC056A800448CB8 /* AVIDDA */ = {
			isa = PBXFileSystemSynchronizedRootGroup;
			exceptions = (
				2987E1242DC304BF00B29CF3 /* Exceptions for "AVIDDA" folder in "AVIDDA" target */,
			);
			path = AVIDDA;
			sourceTree = "<group>";
		};
		29EEA9512DC056A900448CB8 /* AVIDDATests */ = {
			isa = PBXFileSystemSynchronizedRootGroup;
			path = AVIDDATests;
			sourceTree = "<group>";
		};
		29EEA95B2DC056A900448CB8 /* AVIDDAUITests */ = {
			isa = PBXFileSystemSynchronizedRootGroup;
			path = AVIDDAUITests;
			sourceTree = "<group>";
		};
/* End PBXFileSystemSynchronizedRootGroup section */

/* Begin PBXFrameworksBuildPhase section */
		29EEA93E2DC056A800448CB8 /* Frameworks */ = {
			isa = PBXFrameworksBuildPhase;
			buildActionMask = 2147483647;
			files = (
			);
			runOnlyForDeploymentPostprocessing = 0;
		};
		29EEA94B2DC056A900448CB8 /* Frameworks */ = {
			isa = PBXFrameworksBuildPhase;
			buildActionMask = 2147483647;
			files = (
			);
			runOnlyForDeploymentPostprocessing = 0;
		};
		29EEA9552DC056A900448CB8 /* Frameworks */ = {
			isa = PBXFrameworksBuildPhase;
			buildActionMask = 2147483647;
			files = (
			);
			runOnlyForDeploymentPostprocessing = 0;
		};
/* End PBXFrameworksBuildPhase section */

/* Begin PBXGroup section */
		29EEA9382DC056A800448CB8 = {
			isa = PBXGroup;
			children = (
				29EEA9432DC056A800448CB8 /* AVIDDA */,
				29EEA9512DC056A900448CB8 /* AVIDDATests */,
				29EEA95B2DC056A900448CB8 /* AVIDDAUITests */,
				29EEA9422DC056A800448CB8 /* Products */,
			);
			sourceTree = "<group>";
		};
		29EEA9422DC056A800448CB8 /* Products */ = {
			isa = PBXGroup;
			children = (
				29EEA9412DC056A800448CB8 /* AVIDDA.app */,
				29EEA94E2DC056A900448CB8 /* AVIDDATests.xctest */,
				29EEA9582DC056A900448CB8 /* AVIDDAUITests.xctest */,
			);
			name = Products;
			sourceTree = "<group>";
		};
/* End PBXGroup section */

/* Begin PBXNativeTarget section */
		29EEA9402DC056A800448CB8 /* AVIDDA */ = {
			isa = PBXNativeTarget;
			buildConfigurationList = 29EEA9622DC056A900448CB8 /* Build configuration list for PBXNativeTarget "AVIDDA" */;
			buildPhases = (
				29EEA93D2DC056A800448CB8 /* Sources */,
				29EEA93E2DC056A800448CB8 /* Frameworks */,
				29EEA93F2DC056A800448CB8 /* Resources */,
			);
			buildRules = (
			);
			dependencies = (
			);
			fileSystemSynchronizedGroups = (
				29EEA9432DC056A800448CB8 /* AVIDDA */,
			);
			name = AVIDDA;
			packageProductDependencies = (
			);
			productName = AVIDDA;
			productReference = 29EEA9412DC056A800448CB8 /* AVIDDA.app */;
			productType = "com.apple.product-type.application";
		};
		29EEA94D2DC056A900448CB8 /* AVIDDATests */ = {
			isa = PBXNativeTarget;
			buildConfigurationList = 29EEA9652DC056A900448CB8 /* Build configuration list for PBXNativeTarget "AVIDDATests" */;
			buildPhases = (
				29EEA94A2DC056A900448CB8 /* Sources */,
				29EEA94B2DC056A900448CB8 /* Frameworks */,
				29EEA94C2DC056A900448CB8 /* Resources */,
			);
			buildRules = (
			);
			dependencies = (
				29EEA9502DC056A900448CB8 /* PBXTargetDependency */,
			);
			fileSystemSynchronizedGroups = (
				29EEA9512DC056A900448CB8 /* AVIDDATests */,
			);
			name = AVIDDATests;
			packageProductDependencies = (
			);
			productName = AVIDDATests;
			productReference = 29EEA94E2DC056A900448CB8 /* AVIDDATests.xctest */;
			productType = "com.apple.product-type.bundle.unit-test";
		};
		29EEA9572DC056A900448CB8 /* AVIDDAUITests */ = {
			isa = PBXNativeTarget;
			buildConfigurationList = 29EEA9682DC056A900448CB8 /* Build configuration list for PBXNativeTarget "AVIDDAUITests" */;
			buildPhases = (
				29EEA9542DC056A900448CB8 /* Sources */,
				29EEA9552DC056A900448CB8 /* Frameworks */,
				29EEA9562DC056A900448CB8 /* Resources */,
			);
			buildRules = (
			);
			dependencies = (
				29EEA95A2DC056A900448CB8 /* PBXTargetDependency */,
			);
			fileSystemSynchronizedGroups = (
				29EEA95B2DC056A900448CB8 /* AVIDDAUITests */,
			);
			name = AVIDDAUITests;
			packageProductDependencies = (
			);
			productName = AVIDDAUITests;
			productReference = 29EEA9582DC056A900448CB8 /* AVIDDAUITests.xctest */;
			productType = "com.apple.product-type.bundle.ui-testing";
		};
/* End PBXNativeTarget section */

/* Begin PBXProject section */
		29EEA9392DC056A800448CB8 /* Project object */ = {
			isa = PBXProject;
			attributes = {
				BuildIndependentTargetsInParallel = 1;
				LastSwiftUpdateCheck = 1630;
				LastUpgradeCheck = 1630;
				TargetAttributes = {
					29EEA9402DC056A800448CB8 = {
						CreatedOnToolsVersion = 16.3;
					};
					29EEA94D2DC056A900448CB8 = {
						CreatedOnToolsVersion = 16.3;
						TestTargetID = 29EEA9402DC056A800448CB8;
					};
					29EEA9572DC056A900448CB8 = {
						CreatedOnToolsVersion = 16.3;
						TestTargetID = 29EEA9402DC056A800448CB8;
					};
				};
			};
			buildConfigurationList = 29EEA93C2DC056A800448CB8 /* Build configuration list for PBXProject "AVIDDA" */;
			developmentRegion = en;
			hasScannedForEncodings = 0;
			knownRegions = (
				en,
				Base,
			);
			mainGroup = 29EEA9382DC056A800448CB8;
			minimizedProjectReferenceProxies = 1;
			preferredProjectObjectVersion = 77;
			productRefGroup = 29EEA9422DC056A800448CB8 /* Products */;
			projectDirPath = "";
			projectRoot = "";
			targets = (
				29EEA9402DC056A800448CB8 /* AVIDDA */,
				29EEA94D2DC056A900448CB8 /* AVIDDATests */,
				29EEA9572DC056A900448CB8 /* AVIDDAUITests */,
			);
		};
/* End PBXProject section */

/* Begin PBXResourcesBuildPhase section */
		29EEA93F2DC056A800448CB8 /* Resources */ = {
			isa = PBXResourcesBuildPhase;
			buildActionMask = 2147483647;
			files = (
			);
			runOnlyForDeploymentPostprocessing = 0;
		};
		29EEA94C2DC056A900448CB8 /* Resources */ = {
			isa = PBXResourcesBuildPhase;
			buildActionMask = 2147483647;
			files = (
			);
			runOnlyForDeploymentPostprocessing = 0;
		};
		29EEA9562DC056A900448CB8 /* Resources */ = {
			isa = PBXResourcesBuildPhase;
			buildActionMask = 2147483647;
			files = (
			);
			runOnlyForDeploymentPostprocessing = 0;
		};
/* End PBXResourcesBuildPhase section */

/* Begin PBXSourcesBuildPhase section */
		29EEA93D2DC056A800448CB8 /* Sources */ = {
			isa = PBXSourcesBuildPhase;
			buildActionMask = 2147483647;
			files = (
			);
			runOnlyForDeploymentPostprocessing = 0;
		};
		29EEA94A2DC056A900448CB8 /* Sources */ = {
			isa = PBXSourcesBuildPhase;
			buildActionMask = 2147483647;
			files = (
			);
			runOnlyForDeploymentPostprocessing = 0;
		};
		29EEA9542DC056A900448CB8 /* Sources */ = {
			isa = PBXSourcesBuildPhase;
			buildActionMask = 2147483647;
			files = (
			);
			runOnlyForDeploymentPostprocessing = 0;
		};
/* End PBXSourcesBuildPhase section */

/* Begin PBXTargetDependency section */
		29EEA9502DC056A900448CB8 /* PBXTargetDependency */ = {
			isa = PBXTargetDependency;
			target = 29EEA9402DC056A800448CB8 /* AVIDDA */;
			targetProxy = 29EEA94F2DC056A900448CB8 /* PBXContainerItemProxy */;
		};
		29EEA95A2DC056A900448CB8 /* PBXTargetDependency */ = {
			isa = PBXTargetDependency;
			target = 29EEA9402DC056A800448CB8 /* AVIDDA */;
			targetProxy = 29EEA9592DC056A900448CB8 /* PBXContainerItemProxy */;
		};
/* End PBXTargetDependency section */

/* Begin XCBuildConfiguration section */
		29EEA9602DC056A900448CB8 /* Debug */ = {
			isa = XCBuildConfiguration;
			buildSettings = {
				ALWAYS_SEARCH_USER_PATHS = NO;
				ASSETCATALOG_COMPILER_GENERATE_SWIFT_ASSET_SYMBOL_EXTENSIONS = YES;
				CLANG_ANALYZER_NONNULL = YES;
				CLANG_ANALYZER_NUMBER_OBJECT_CONVERSION = YES_AGGRESSIVE;
				CLANG_CXX_LANGUAGE_STANDARD = "gnu++20";
				CLANG_ENABLE_MODULES = YES;
				CLANG_ENABLE_OBJC_ARC = YES;
				CLANG_ENABLE_OBJC_WEAK = YES;
				CLANG_WARN_BLOCK_CAPTURE_AUTORELEASING = YES;
				CLANG_WARN_BOOL_CONVERSION = YES;
				CLANG_WARN_COMMA = YES;
				CLANG_WARN_CONSTANT_CONVERSION = YES;
				CLANG_WARN_DEPRECATED_OBJC_IMPLEMENTATIONS = YES;
				CLANG_WARN_DIRECT_OBJC_ISA_USAGE = YES_ERROR;
				CLANG_WARN_DOCUMENTATION_COMMENTS = YES;
				CLANG_WARN_EMPTY_BODY = YES;
				CLANG_WARN_ENUM_CONVERSION = YES;
				CLANG_WARN_INFINITE_RECURSION = YES;
				CLANG_WARN_INT_CONVERSION = YES;
				CLANG_WARN_NON_LITERAL_NULL_CONVERSION = YES;
				CLANG_WARN_OBJC_IMPLICIT_RETAIN_SELF = YES;
				CLANG_WARN_OBJC_LITERAL_CONVERSION = YES;
				CLANG_WARN_OBJC_ROOT_CLASS = YES_ERROR;
				CLANG_WARN_QUOTED_INCLUDE_IN_FRAMEWORK_HEADER = YES;
				CLANG_WARN_RANGE_LOOP_ANALYSIS = YES;
				CLANG_WARN_STRICT_PROTOTYPES = YES;
				CLANG_WARN_SUSPICIOUS_MOVE = YES;
				CLANG_WARN_UNGUARDED_AVAILABILITY = YES_AGGRESSIVE;
				CLANG_WARN_UNREACHABLE_CODE = YES;
				CLANG_WARN__DUPLICATE_METHOD_MATCH = YES;
				COPY_PHASE_STRIP = NO;
				DEBUG_INFORMATION_FORMAT = dwarf;
				DEVELOPMENT_TEAM = MTZTN863MN;
				ENABLE_STRICT_OBJC_MSGSEND = YES;
				ENABLE_TESTABILITY = YES;
				ENABLE_USER_SCRIPT_SANDBOXING = YES;
				GCC_C_LANGUAGE_STANDARD = gnu17;
				GCC_DYNAMIC_NO_PIC = NO;
				GCC_NO_COMMON_BLOCKS = YES;
				GCC_OPTIMIZATION_LEVEL = 0;
				GCC_PREPROCESSOR_DEFINITIONS = (
					"DEBUG=1",
					"$(inherited)",
				);
				GCC_WARN_64_TO_32_BIT_CONVERSION = YES;
				GCC_WARN_ABOUT_RETURN_TYPE = YES_ERROR;
				GCC_WARN_UNDECLARED_SELECTOR = YES;
				GCC_WARN_UNINITIALIZED_AUTOS = YES_AGGRESSIVE;
				GCC_WARN_UNUSED_FUNCTION = YES;
				GCC_WARN_UNUSED_VARIABLE = YES;
				IPHONEOS_DEPLOYMENT_TARGET = 18.4;
				LOCALIZATION_PREFERS_STRING_CATALOGS = YES;
				MTL_ENABLE_DEBUG_INFO = INCLUDE_SOURCE;
				MTL_FAST_MATH = YES;
				ONLY_ACTIVE_ARCH = YES;
				SDKROOT = iphoneos;
				SWIFT_ACTIVE_COMPILATION_CONDITIONS = "DEBUG $(inherited)";
				SWIFT_OPTIMIZATION_LEVEL = "-Onone";
			};
			name = Debug;
		};
		29EEA9612DC056A900448CB8 /* Release */ = {
			isa = XCBuildConfiguration;
			buildSettings = {
				ALWAYS_SEARCH_USER_PATHS = NO;
				ASSETCATALOG_COMPILER_GENERATE_SWIFT_ASSET_SYMBOL_EXTENSIONS = YES;
				CLANG_ANALYZER_NONNULL = YES;
				CLANG_ANALYZER_NUMBER_OBJECT_CONVERSION = YES_AGGRESSIVE;
				CLANG_CXX_LANGUAGE_STANDARD = "gnu++20";
				CLANG_ENABLE_MODULES = YES;
				CLANG_ENABLE_OBJC_ARC = YES;
				CLANG_ENABLE_OBJC_WEAK = YES;
				CLANG_WARN_BLOCK_CAPTURE_AUTORELEASING = YES;
				CLANG_WARN_BOOL_CONVERSION = YES;
				CLANG_WARN_COMMA = YES;
				CLANG_WARN_CONSTANT_CONVERSION = YES;
				CLANG_WARN_DEPRECATED_OBJC_IMPLEMENTATIONS = YES;
				CLANG_WARN_DIRECT_OBJC_ISA_USAGE = YES_ERROR;
				CLANG_WARN_DOCUMENTATION_COMMENTS = YES;
				CLANG_WARN_EMPTY_BODY = YES;
				CLANG_WARN_ENUM_CONVERSION = YES;
				CLANG_WARN_INFINITE_RECURSION = YES;
				CLANG_WARN_INT_CONVERSION = YES;
				CLANG_WARN_NON_LITERAL_NULL_CONVERSION = YES;
				CLANG_WARN_OBJC_IMPLICIT_RETAIN_SELF = YES;
				CLANG_WARN_OBJC_LITERAL_CONVERSION = YES;
				CLANG_WARN_OBJC_ROOT_CLASS = YES_ERROR;
				CLANG_WARN_QUOTED_INCLUDE_IN_FRAMEWORK_HEADER = YES;
				CLANG_WARN_RANGE_LOOP_ANALYSIS = YES;
				CLANG_WARN_STRICT_PROTOTYPES = YES;
				CLANG_WARN_SUSPICIOUS_MOVE = YES;
				CLANG_WARN_UNGUARDED_AVAILABILITY = YES_AGGRESSIVE;
				CLANG_WARN_UNREACHABLE_CODE = YES;
				CLANG_WARN__DUPLICATE_METHOD_MATCH = YES;
				COPY_PHASE_STRIP = NO;
				DEBUG_INFORMATION_FORMAT = "dwarf-with-dsym";
				DEVELOPMENT_TEAM = MTZTN863MN;
				ENABLE_NS_ASSERTIONS = NO;
				ENABLE_STRICT_OBJC_MSGSEND = YES;
				ENABLE_USER_SCRIPT_SANDBOXING = YES;
				GCC_C_LANGUAGE_STANDARD = gnu17;
				GCC_NO_COMMON_BLOCKS = YES;
				GCC_WARN_64_TO_32_BIT_CONVERSION = YES;
				GCC_WARN_ABOUT_RETURN_TYPE = YES_ERROR;
				GCC_WARN_UNDECLARED_SELECTOR = YES;
				GCC_WARN_UNINITIALIZED_AUTOS = YES_AGGRESSIVE;
				GCC_WARN_UNUSED_FUNCTION = YES;
				GCC_WARN_UNUSED_VARIABLE = YES;
				IPHONEOS_DEPLOYMENT_TARGET = 18.4;
				LOCALIZATION_PREFERS_STRING_CATALOGS = YES;
				MTL_ENABLE_DEBUG_INFO = NO;
				MTL_FAST_MATH = YES;
				SDKROOT = iphoneos;
				SWIFT_COMPILATION_MODE = wholemodule;
				VALIDATE_PRODUCT = YES;
			};
			name = Release;
		};
		29EEA9632DC056A900448CB8 /* Debug */ = {
			isa = XCBuildConfiguration;
			buildSettings = {
				ASSETCATALOG_COMPILER_APPICON_NAME = AppIcon;
				ASSETCATALOG_COMPILER_GLOBAL_ACCENT_COLOR_NAME = AccentColor;
				CODE_SIGN_STYLE = Automatic;
				CURRENT_PROJECT_VERSION = 1;
				DEVELOPMENT_TEAM = MTZTN863MN;
				ENABLE_PREVIEWS = YES;
				GENERATE_INFOPLIST_FILE = YES;
				INFOPLIST_FILE = AVIDDA/Info.plist;
				INFOPLIST_KEY_NSCameraUsageDescription = "This app uses camera to capture videos.";
				INFOPLIST_KEY_UIApplicationSceneManifest_Generation = YES;
				INFOPLIST_KEY_UIApplicationSupportsIndirectInputEvents = YES;
				INFOPLIST_KEY_UILaunchScreen_Generation = YES;
				INFOPLIST_KEY_UISupportedInterfaceOrientations_iPad = "UIInterfaceOrientationPortrait UIInterfaceOrientationPortraitUpsideDown UIInterfaceOrientationLandscapeLeft UIInterfaceOrientationLandscapeRight";
				INFOPLIST_KEY_UISupportedInterfaceOrientations_iPhone = "UIInterfaceOrientationPortrait UIInterfaceOrientationLandscapeLeft UIInterfaceOrientationLandscapeRight";
				IPHONEOS_DEPLOYMENT_TARGET = 16.6;
				LD_RUNPATH_SEARCH_PATHS = (
					"$(inherited)",
					"@executable_path/Frameworks",
				);
				MARKETING_VERSION = 1.0;
				PRODUCT_BUNDLE_IDENTIFIER = com.multimodal.AVIDDA;
				PRODUCT_NAME = "$(TARGET_NAME)";
				SWIFT_EMIT_LOC_STRINGS = YES;
				SWIFT_VERSION = 5.0;
				TARGETED_DEVICE_FAMILY = "1,2";
			};
			name = Debug;
		};
		29EEA9642DC056A900448CB8 /* Release */ = {
			isa = XCBuildConfiguration;
			buildSettings = {
				ASSETCATALOG_COMPILER_APPICON_NAME = AppIcon;
				ASSETCATALOG_COMPILER_GLOBAL_ACCENT_COLOR_NAME = AccentColor;
				CODE_SIGN_STYLE = Automatic;
				CURRENT_PROJECT_VERSION = 1;
				DEVELOPMENT_TEAM = MTZTN863MN;
				ENABLE_PREVIEWS = YES;
				GENERATE_INFOPLIST_FILE = YES;
				INFOPLIST_FILE = AVIDDA/Info.plist;
				INFOPLIST_KEY_NSCameraUsageDescription = "This app uses camera to capture videos.";
				INFOPLIST_KEY_UIApplicationSceneManifest_Generation = YES;
				INFOPLIST_KEY_UIApplicationSupportsIndirectInputEvents = YES;
				INFOPLIST_KEY_UILaunchScreen_Generation = YES;
				INFOPLIST_KEY_UISupportedInterfaceOrientations_iPad = "UIInterfaceOrientationPortrait UIInterfaceOrientationPortraitUpsideDown UIInterfaceOrientationLandscapeLeft UIInterfaceOrientationLandscapeRight";
				INFOPLIST_KEY_UISupportedInterfaceOrientations_iPhone = "UIInterfaceOrientationPortrait UIInterfaceOrientationLandscapeLeft UIInterfaceOrientationLandscapeRight";
				IPHONEOS_DEPLOYMENT_TARGET = 16.6;
				LD_RUNPATH_SEARCH_PATHS = (
					"$(inherited)",
					"@executable_path/Frameworks",
				);
				MARKETING_VERSION = 1.0;
				PRODUCT_BUNDLE_IDENTIFIER = com.multimodal.AVIDDA;
				PRODUCT_NAME = "$(TARGET_NAME)";
				SWIFT_EMIT_LOC_STRINGS = YES;
				SWIFT_VERSION = 5.0;
				TARGETED_DEVICE_FAMILY = "1,2";
			};
			name = Release;
		};
		29EEA9662DC056A900448CB8 /* Debug */ = {
			isa = XCBuildConfiguration;
			buildSettings = {
				BUNDLE_LOADER = "$(TEST_HOST)";
				CODE_SIGN_STYLE = Automatic;
				CURRENT_PROJECT_VERSION = 1;
				DEVELOPMENT_TEAM = MTZTN863MN;
				GENERATE_INFOPLIST_FILE = YES;
				IPHONEOS_DEPLOYMENT_TARGET = 18.4;
				MARKETING_VERSION = 1.0;
				PRODUCT_BUNDLE_IDENTIFIER = com.multimodal.AVIDDATests;
				PRODUCT_NAME = "$(TARGET_NAME)";
				SWIFT_EMIT_LOC_STRINGS = NO;
				SWIFT_VERSION = 5.0;
				TARGETED_DEVICE_FAMILY = "1,2";
				TEST_HOST = "$(BUILT_PRODUCTS_DIR)/AVIDDA.app/$(BUNDLE_EXECUTABLE_FOLDER_PATH)/AVIDDA";
			};
			name = Debug;
		};
		29EEA9672DC056A900448CB8 /* Release */ = {
			isa = XCBuildConfiguration;
			buildSettings = {
				BUNDLE_LOADER = "$(TEST_HOST)";
				CODE_SIGN_STYLE = Automatic;
				CURRENT_PROJECT_VERSION = 1;
				DEVELOPMENT_TEAM = MTZTN863MN;
				GENERATE_INFOPLIST_FILE = YES;
				IPHONEOS_DEPLOYMENT_TARGET = 18.4;
				MARKETING_VERSION = 1.0;
				PRODUCT_BUNDLE_IDENTIFIER = com.multimodal.AVIDDATests;
				PRODUCT_NAME = "$(TARGET_NAME)";
				SWIFT_EMIT_LOC_STRINGS = NO;
				SWIFT_VERSION = 5.0;
				TARGETED_DEVICE_FAMILY = "1,2";
				TEST_HOST = "$(BUILT_PRODUCTS_DIR)/AVIDDA.app/$(BUNDLE_EXECUTABLE_FOLDER_PATH)/AVIDDA";
			};
			name = Release;
		};
		29EEA9692DC056A900448CB8 /* Debug */ = {
			isa = XCBuildConfiguration;
			buildSettings = {
				CODE_SIGN_STYLE = Automatic;
				CURRENT_PROJECT_VERSION = 1;
				DEVELOPMENT_TEAM = MTZTN863MN;
				GENERATE_INFOPLIST_FILE = YES;
				MARKETING_VERSION = 1.0;
				PRODUCT_BUNDLE_IDENTIFIER = com.multimodal.AVIDDAUITests;
				PRODUCT_NAME = "$(TARGET_NAME)";
				SWIFT_EMIT_LOC_STRINGS = NO;
				SWIFT_VERSION = 5.0;
				TARGETED_DEVICE_FAMILY = "1,2";
				TEST_TARGET_NAME = AVIDDA;
			};
			name = Debug;
		};
		29EEA96A2DC056A900448CB8 /* Release */ = {
			isa = XCBuildConfiguration;
			buildSettings = {
				CODE_SIGN_STYLE = Automatic;
				CURRENT_PROJECT_VERSION = 1;
				DEVELOPMENT_TEAM = MTZTN863MN;
				GENERATE_INFOPLIST_FILE = YES;
				MARKETING_VERSION = 1.0;
				PRODUCT_BUNDLE_IDENTIFIER = com.multimodal.AVIDDAUITests;
				PRODUCT_NAME = "$(TARGET_NAME)";
				SWIFT_EMIT_LOC_STRINGS = NO;
				SWIFT_VERSION = 5.0;
				TARGETED_DEVICE_FAMILY = "1,2";
				TEST_TARGET_NAME = AVIDDA;
			};
			name = Release;
		};
/* End XCBuildConfiguration section */

/* Begin XCConfigurationList section */
		29EEA93C2DC056A800448CB8 /* Build configuration list for PBXProject "AVIDDA" */ = {
			isa = XCConfigurationList;
			buildConfigurations = (
				29EEA9602DC056A900448CB8 /* Debug */,
				29EEA9612DC056A900448CB8 /* Release */,
			);
			defaultConfigurationIsVisible = 0;
			defaultConfigurationName = Release;
		};
		29EEA9622DC056A900448CB8 /* Build configuration list for PBXNativeTarget "AVIDDA" */ = {
			isa = XCConfigurationList;
			buildConfigurations = (
				29EEA9632DC056A900448CB8 /* Debug */,
				29EEA9642DC056A900448CB8 /* Release */,
			);
			defaultConfigurationIsVisible = 0;
			defaultConfigurationName = Release;
		};
		29EEA9652DC056A900448CB8 /* Build configuration list for PBXNativeTarget "AVIDDATests" */ = {
			isa = XCConfigurationList;
			buildConfigurations = (
				29EEA9662DC056A900448CB8 /* Debug */,
				29EEA9672DC056A900448CB8 /* Release */,
			);
			defaultConfigurationIsVisible = 0;
			defaultConfigurationName = Release;
		};
		29EEA9682DC056A900448CB8 /* Build configuration list for PBXNativeTarget "AVIDDAUITests" */ = {
			isa = XCConfigurationList;
			buildConfigurations = (
				29EEA9692DC056A900448CB8 /* Debug */,
				29EEA96A2DC056A900448CB8 /* Release */,
			);
			defaultConfigurationIsVisible = 0;
			defaultConfigurationName = Release;
		};
/* End XCConfigurationList section */
	};
	rootObject = 29EEA9392DC056A800448CB8 /* Project object */;
}
